
Microsoft Visual Studio Solution File, Format Version 12.00
# Visual Studio Version 17
VisualStudioVersion = 17.7.34024.191
MinimumVisualStudioVersion = 10.0.40219.1
Project("{9A19103F-16F7-4668-BE54-9A1E7A4F7556}") = "Practica c#", "clase 1\Practica c#.csproj", "{99664FD9-1B47-43D1-BDEF-31B32A0DBD95}"
EndProject
Project("{2150E333-8FDC-42A3-9474-1A3956D46DE8}") = "Clase 01", "Clase 01", "{A799894A-D1F0-47C5-A2BD-36B76FC3B47F}"
EndProject
Project("{2150E333-8FDC-42A3-9474-1A3956D46DE8}") = "Clase 02", "Clase 02", "{904FF6E3-40E7-4305-81C2-9C4CB6A2438D}"
EndProject
Project("{9A19103F-16F7-4668-BE54-9A1E7A4F7556}") = "Apuntes", "Apuntes\Apuntes.csproj", "{AC548E60-C0AF-44FC-8AF1-758BBA517BE3}"
EndProject
Project("{9A19103F-16F7-4668-BE54-9A1E7A4F7556}") = "Ejercicio 1", "Ejercicio 1\Ejercicio 1.csproj", "{E0DF9201-5954-4E5B-B4EC-98FD4A3D5507}"
EndProject
Project("{9A19103F-16F7-4668-BE54-9A1E7A4F7556}") = "Ejercicio 2", "ejercicio 2\Ejercicio 2.csproj", "{397C01CA-6614-4C21-B49C-CB376E3D921F}"
EndProject
Project("{2150E333-8FDC-42A3-9474-1A3956D46DE8}") = "Clase 03", "Clase 03", "{6E8FBFF0-2190-474D-931E-8C61EF300670}"
EndProject
Project("{9A19103F-16F7-4668-BE54-9A1E7A4F7556}") = "Ejercicio 2b", "Ejercicio 2b\Ejercicio 2b.csproj", "{9D20008E-1B7E-4BE8-B0C9-97B5D2FCC74E}"
EndProject
Project("{2150E333-8FDC-42A3-9474-1A3956D46DE8}") = "Clase 04", "Clase 04", "{735CC828-7F65-4337-8B7A-6FCAEBC7D037}"
EndProject
Project("{9A19103F-16F7-4668-BE54-9A1E7A4F7556}") = "Sobrecargas", "Sobrecargas\Sobrecargas.csproj", "{159F649F-EA33-4984-B314-B3E6E8342D87}"
EndProject
Project("{9A19103F-16F7-4668-BE54-9A1E7A4F7556}") = "Sumador", "Sumador\Sumador.csproj", "{037B0565-62EE-4D50-BA6C-9A918EDA8107}"
EndProject
Project("{9A19103F-16F7-4668-BE54-9A1E7A4F7556}") = "Cotizador", "Cotizador\Cotizador.csproj", "{B12B1016-AB56-4730-AE1A-73CAE60F6C5B}"
EndProject
Project("{2150E333-8FDC-42A3-9474-1A3956D46DE8}") = "Clase 06", "Clase 06", "{3A33A73F-B26D-4EB2-A992-C4B5A097EB02}"
EndProject
Project("{2150E333-8FDC-42A3-9474-1A3956D46DE8}") = "Clase 05", "Clase 05", "{343F2F10-8D7D-4503-928C-D769078C049C}"
EndProject
Project("{9A19103F-16F7-4668-BE54-9A1E7A4F7556}") = "WinFormsApp1", "WinFormsApp1\WinFormsApp1.csproj", "{CB2A8B45-61F8-429C-AD9C-A40C2AB353BB}"
EndProject
Project("{9A19103F-16F7-4668-BE54-9A1E7A4F7556}") = "Entidades", "entidades\Entidades.csproj", "{C872BF91-04E9-4AF3-9989-D00E7AD5081D}"
EndProject
Project("{2150E333-8FDC-42A3-9474-1A3956D46DE8}") = "Clase 07", "Clase 07", "{D83055A5-19AB-4681-A317-E4AEF9B8F014}"
EndProject
Project("{9A19103F-16F7-4668-BE54-9A1E7A4F7556}") = "Interfaz", "Ejemplos 20_9\Interfaz.csproj", "{523EE4A4-0FBE-4D23-B5DA-84B487A95429}"
EndProject
Project("{2150E333-8FDC-42A3-9474-1A3956D46DE8}") = "Clase 08", "Clase 08", "{CD7624F8-54CA-47AB-AA4E-A94D4CEBA1D4}"
EndProject
Project("{FAE04EC0-301F-11D3-BF4B-00C04F79EFBC}") = "Herencias", "Herencias\Herencias.csproj", "{3EB1F8D0-4A87-49DD-A9E7-0D8DBEEA695A}"
EndProject
Project("{2150E333-8FDC-42A3-9474-1A3956D46DE8}") = "El viajar es un placer", "El viajar es un placer", "{3CD16731-02E0-4F90-B169-2F527B6E2147}"
EndProject
Project("{FAE04EC0-301F-11D3-BF4B-00C04F79EFBC}") = "Viaje", "Viaje\Viaje.csproj", "{D1007045-3892-4268-A162-FA502156340D}"
EndProject
Project("{FAE04EC0-301F-11D3-BF4B-00C04F79EFBC}") = "El viajar es un placer", "El viajar es un placer\El viajar es un placer.csproj", "{BA48CB02-D04C-47CE-BF80-D875FEF39E31}"
EndProject
Global
	GlobalSection(SolutionConfigurationPlatforms) = preSolution
		Debug|Any CPU = Debug|Any CPU
		Release|Any CPU = Release|Any CPU
	EndGlobalSection
	GlobalSection(ProjectConfigurationPlatforms) = postSolution
		{99664FD9-1B47-43D1-BDEF-31B32A0DBD95}.Debug|Any CPU.ActiveCfg = Debug|Any CPU
		{99664FD9-1B47-43D1-BDEF-31B32A0DBD95}.Debug|Any CPU.Build.0 = Debug|Any CPU
		{99664FD9-1B47-43D1-BDEF-31B32A0DBD95}.Release|Any CPU.ActiveCfg = Release|Any CPU
		{99664FD9-1B47-43D1-BDEF-31B32A0DBD95}.Release|Any CPU.Build.0 = Release|Any CPU
		{AC548E60-C0AF-44FC-8AF1-758BBA517BE3}.Debug|Any CPU.ActiveCfg = Debug|Any CPU
		{AC548E60-C0AF-44FC-8AF1-758BBA517BE3}.Debug|Any CPU.Build.0 = Debug|Any CPU
		{AC548E60-C0AF-44FC-8AF1-758BBA517BE3}.Release|Any CPU.ActiveCfg = Release|Any CPU
		{AC548E60-C0AF-44FC-8AF1-758BBA517BE3}.Release|Any CPU.Build.0 = Release|Any CPU
		{E0DF9201-5954-4E5B-B4EC-98FD4A3D5507}.Debug|Any CPU.ActiveCfg = Debug|Any CPU
		{E0DF9201-5954-4E5B-B4EC-98FD4A3D5507}.Debug|Any CPU.Build.0 = Debug|Any CPU
		{E0DF9201-5954-4E5B-B4EC-98FD4A3D5507}.Release|Any CPU.ActiveCfg = Release|Any CPU
		{E0DF9201-5954-4E5B-B4EC-98FD4A3D5507}.Release|Any CPU.Build.0 = Release|Any CPU
		{397C01CA-6614-4C21-B49C-CB376E3D921F}.Debug|Any CPU.ActiveCfg = Debug|Any CPU
		{397C01CA-6614-4C21-B49C-CB376E3D921F}.Debug|Any CPU.Build.0 = Debug|Any CPU
		{397C01CA-6614-4C21-B49C-CB376E3D921F}.Release|Any CPU.ActiveCfg = Release|Any CPU
		{397C01CA-6614-4C21-B49C-CB376E3D921F}.Release|Any CPU.Build.0 = Release|Any CPU
		{9D20008E-1B7E-4BE8-B0C9-97B5D2FCC74E}.Debug|Any CPU.ActiveCfg = Debug|Any CPU
		{9D20008E-1B7E-4BE8-B0C9-97B5D2FCC74E}.Debug|Any CPU.Build.0 = Debug|Any CPU
		{9D20008E-1B7E-4BE8-B0C9-97B5D2FCC74E}.Release|Any CPU.ActiveCfg = Release|Any CPU
		{9D20008E-1B7E-4BE8-B0C9-97B5D2FCC74E}.Release|Any CPU.Build.0 = Release|Any CPU
		{159F649F-EA33-4984-B314-B3E6E8342D87}.Debug|Any CPU.ActiveCfg = Debug|Any CPU
		{159F649F-EA33-4984-B314-B3E6E8342D87}.Debug|Any CPU.Build.0 = Debug|Any CPU
		{159F649F-EA33-4984-B314-B3E6E8342D87}.Release|Any CPU.ActiveCfg = Release|Any CPU
		{159F649F-EA33-4984-B314-B3E6E8342D87}.Release|Any CPU.Build.0 = Release|Any CPU
		{037B0565-62EE-4D50-BA6C-9A918EDA8107}.Debug|Any CPU.ActiveCfg = Debug|Any CPU
		{037B0565-62EE-4D50-BA6C-9A918EDA8107}.Debug|Any CPU.Build.0 = Debug|Any CPU
		{037B0565-62EE-4D50-BA6C-9A918EDA8107}.Release|Any CPU.ActiveCfg = Release|Any CPU
		{037B0565-62EE-4D50-BA6C-9A918EDA8107}.Release|Any CPU.Build.0 = Release|Any CPU
		{B12B1016-AB56-4730-AE1A-73CAE60F6C5B}.Debug|Any CPU.ActiveCfg = Debug|Any CPU
		{B12B1016-AB56-4730-AE1A-73CAE60F6C5B}.Debug|Any CPU.Build.0 = Debug|Any CPU
		{B12B1016-AB56-4730-AE1A-73CAE60F6C5B}.Release|Any CPU.ActiveCfg = Release|Any CPU
		{B12B1016-AB56-4730-AE1A-73CAE60F6C5B}.Release|Any CPU.Build.0 = Release|Any CPU
		{CB2A8B45-61F8-429C-AD9C-A40C2AB353BB}.Debug|Any CPU.ActiveCfg = Debug|Any CPU
		{CB2A8B45-61F8-429C-AD9C-A40C2AB353BB}.Debug|Any CPU.Build.0 = Debug|Any CPU
		{CB2A8B45-61F8-429C-AD9C-A40C2AB353BB}.Release|Any CPU.ActiveCfg = Release|Any CPU
		{CB2A8B45-61F8-429C-AD9C-A40C2AB353BB}.Release|Any CPU.Build.0 = Release|Any CPU
		{C872BF91-04E9-4AF3-9989-D00E7AD5081D}.Debug|Any CPU.ActiveCfg = Debug|Any CPU
		{C872BF91-04E9-4AF3-9989-D00E7AD5081D}.Debug|Any CPU.Build.0 = Debug|Any CPU
		{C872BF91-04E9-4AF3-9989-D00E7AD5081D}.Release|Any CPU.ActiveCfg = Release|Any CPU
		{C872BF91-04E9-4AF3-9989-D00E7AD5081D}.Release|Any CPU.Build.0 = Release|Any CPU
		{523EE4A4-0FBE-4D23-B5DA-84B487A95429}.Debug|Any CPU.ActiveCfg = Debug|Any CPU
		{523EE4A4-0FBE-4D23-B5DA-84B487A95429}.Debug|Any CPU.Build.0 = Debug|Any CPU
		{523EE4A4-0FBE-4D23-B5DA-84B487A95429}.Release|Any CPU.ActiveCfg = Release|Any CPU
		{523EE4A4-0FBE-4D23-B5DA-84B487A95429}.Release|Any CPU.Build.0 = Release|Any CPU
		{3EB1F8D0-4A87-49DD-A9E7-0D8DBEEA695A}.Debug|Any CPU.ActiveCfg = Debug|Any CPU
		{3EB1F8D0-4A87-49DD-A9E7-0D8DBEEA695A}.Debug|Any CPU.Build.0 = Debug|Any CPU
		{3EB1F8D0-4A87-49DD-A9E7-0D8DBEEA695A}.Release|Any CPU.ActiveCfg = Release|Any CPU
		{3EB1F8D0-4A87-49DD-A9E7-0D8DBEEA695A}.Release|Any CPU.Build.0 = Release|Any CPU
		{D1007045-3892-4268-A162-FA502156340D}.Debug|Any CPU.ActiveCfg = Debug|Any CPU
		{D1007045-3892-4268-A162-FA502156340D}.Debug|Any CPU.Build.0 = Debug|Any CPU
		{D1007045-3892-4268-A162-FA502156340D}.Release|Any CPU.ActiveCfg = Release|Any CPU
		{D1007045-3892-4268-A162-FA502156340D}.Release|Any CPU.Build.0 = Release|Any CPU
		{BA48CB02-D04C-47CE-BF80-D875FEF39E31}.Debug|Any CPU.ActiveCfg = Debug|Any CPU
		{BA48CB02-D04C-47CE-BF80-D875FEF39E31}.Debug|Any CPU.Build.0 = Debug|Any CPU
		{BA48CB02-D04C-47CE-BF80-D875FEF39E31}.Release|Any CPU.ActiveCfg = Release|Any CPU
		{BA48CB02-D04C-47CE-BF80-D875FEF39E31}.Release|Any CPU.Build.0 = Release|Any CPU
	EndGlobalSection
	GlobalSection(SolutionProperties) = preSolution
		HideSolutionNode = FALSE
	EndGlobalSection
	GlobalSection(NestedProjects) = preSolution
		{99664FD9-1B47-43D1-BDEF-31B32A0DBD95} = {A799894A-D1F0-47C5-A2BD-36B76FC3B47F}
		{E0DF9201-5954-4E5B-B4EC-98FD4A3D5507} = {904FF6E3-40E7-4305-81C2-9C4CB6A2438D}
		{397C01CA-6614-4C21-B49C-CB376E3D921F} = {6E8FBFF0-2190-474D-931E-8C61EF300670}
		{9D20008E-1B7E-4BE8-B0C9-97B5D2FCC74E} = {6E8FBFF0-2190-474D-931E-8C61EF300670}
		{159F649F-EA33-4984-B314-B3E6E8342D87} = {343F2F10-8D7D-4503-928C-D769078C049C}
		{037B0565-62EE-4D50-BA6C-9A918EDA8107} = {735CC828-7F65-4337-8B7A-6FCAEBC7D037}
		{B12B1016-AB56-4730-AE1A-73CAE60F6C5B} = {735CC828-7F65-4337-8B7A-6FCAEBC7D037}
		{343F2F10-8D7D-4503-928C-D769078C049C} = {735CC828-7F65-4337-8B7A-6FCAEBC7D037}
		{CB2A8B45-61F8-429C-AD9C-A40C2AB353BB} = {3A33A73F-B26D-4EB2-A992-C4B5A097EB02}
		{C872BF91-04E9-4AF3-9989-D00E7AD5081D} = {343F2F10-8D7D-4503-928C-D769078C049C}
		{523EE4A4-0FBE-4D23-B5DA-84B487A95429} = {D83055A5-19AB-4681-A317-E4AEF9B8F014}
		{3EB1F8D0-4A87-49DD-A9E7-0D8DBEEA695A} = {CD7624F8-54CA-47AB-AA4E-A94D4CEBA1D4}
		{3CD16731-02E0-4F90-B169-2F527B6E2147} = {CD7624F8-54CA-47AB-AA4E-A94D4CEBA1D4}
		{D1007045-3892-4268-A162-FA502156340D} = {3CD16731-02E0-4F90-B169-2F527B6E2147}
		{BA48CB02-D04C-47CE-BF80-D875FEF39E31} = {3CD16731-02E0-4F90-B169-2F527B6E2147}
	EndGlobalSection
	GlobalSection(ExtensibilityGlobals) = postSolution
		SolutionGuid = {EEA4172D-82FC-4E4B-9831-1600AF775CE8}
	EndGlobalSection
EndGlobal
